github.com/kacperf531/go-with-tests v0.0.0-20220726110519-bbf0cc4391b5 h1:ohkkFUxqRPx8jpCeo6Wuw4Mx/LZJE7OdZIo508RZjsE=
github.com/kacperf531/go-with-tests v0.0.0-20220726110519-bbf0cc4391b5/go.mod h1:6SfUmqKk3wiM+P6+yVgAT9wL8h3QO8tanh242gmfvp0=
github.com/kacperf531/go-with-tests v0.0.0-20220726125336-64d955704371 h1:moNxYurrxGLADD8kI2Ccy91kbmYSpFo0gJ+05Pq6xt8=
github.com/kacperf531/go-with-tests v0.0.0-20220726125336-64d955704371/go.mod h1:6SfUmqKk3wiM+P6+yVgAT9wL8h3QO8tanh242gmfvp0=
